// !$*UTF8*$!
{
	archiveVersion = 1;
	classes = {
	};
	objectVersion = 48;
	objects = {

/* Begin PBXBuildFile section */
		63A3A5DC1FC914460018EBDC /* AppDelegate.swift in Sources */ = {isa = PBXBuildFile; fileRef = 63A3A5DB1FC914460018EBDC /* AppDelegate.swift */; };
		63A3A5DE1FC914460018EBDC /* art.scnassets in Resources */ = {isa = PBXBuildFile; fileRef = 63A3A5DD1FC914460018EBDC /* art.scnassets */; };
		63A3A5E01FC914460018EBDC /* ViewController.swift in Sources */ = {isa = PBXBuildFile; fileRef = 63A3A5DF1FC914460018EBDC /* ViewController.swift */; };
		63A3A5E31FC914460018EBDC /* Main.storyboard in Resources */ = {isa = PBXBuildFile; fileRef = 63A3A5E11FC914460018EBDC /* Main.storyboard */; };
		63A3A5E51FC914460018EBDC /* Assets.xcassets in Resources */ = {isa = PBXBuildFile; fileRef = 63A3A5E41FC914460018EBDC /* Assets.xcassets */; };
		63A3A5E81FC914460018EBDC /* LaunchScreen.storyboard in Resources */ = {isa = PBXBuildFile; fileRef = 63A3A5E61FC914460018EBDC /* LaunchScreen.storyboard */; };
		63A3A5F21FC925D20018EBDC /* AZSphereView.swift in Sources */ = {isa = PBXBuildFile; fileRef = 63A3A5F11FC925D20018EBDC /* AZSphereView.swift */; };
		63A3A5F41FC953400018EBDC /* SCNVector3+Extension.swift in Sources */ = {isa = PBXBuildFile; fileRef = 63A3A5F31FC953400018EBDC /* SCNVector3+Extension.swift */; };
		63A3A6181FC96BC60018EBDC /* Line.swift in Sources */ = {isa = PBXBuildFile; fileRef = 63A3A6171FC96BC60018EBDC /* Line.swift */; };
/* End PBXBuildFile section */

/* Begin PBXFileReference section */
		63A3A5D81FC914460018EBDC /* AZARDemoSwift.app */ = {isa = PBXFileReference; explicitFileType = wrapper.application; includeInIndex = 0; path = AZARDemoSwift.app; sourceTree = BUILT_PRODUCTS_DIR; };
		63A3A5DB1FC914460018EBDC /* AppDelegate.swift */ = {isa = PBXFileReference; lastKnownFileType = sourcecode.swift; path = AppDelegate.swift; sourceTree = "<group>"; };
		63A3A5DD1FC914460018EBDC /* art.scnassets */ = {isa = PBXFileReference; lastKnownFileType = wrapper.scnassets; path = art.scnassets; sourceTree = "<group>"; };
		63A3A5DF1FC914460018EBDC /* ViewController.swift */ = {isa = PBXFileReference; lastKnownFileType = sourcecode.swift; path = ViewController.swift; sourceTree = "<group>"; };
		63A3A5E21FC914460018EBDC /* Base */ = {isa = PBXFileReference; lastKnownFileType = file.storyboard; name = Base; path = Base.lproj/Main.storyboard; sourceTree = "<group>"; };
		63A3A5E41FC914460018EBDC /* Assets.xcassets */ = {isa = PBXFileReference; lastKnownFileType = folder.assetcatalog; path = Assets.xcassets; sourceTree = "<group>"; };
		63A3A5E71FC914460018EBDC /* Base */ = {isa = PBXFileReference; lastKnownFileType = file.storyboard; name = Base; path = Base.lproj/LaunchScreen.storyboard; sourceTree = "<group>"; };
		63A3A5E91FC914460018EBDC /* Info.plist */ = {isa = PBXFileReference; lastKnownFileType = text.plist.xml; path = Info.plist; sourceTree = "<group>"; };
		63A3A5F11FC925D20018EBDC /* AZSphereView.swift */ = {isa = PBXFileReference; lastKnownFileType = sourcecode.swift; path = AZSphereView.swift; sourceTree = "<group>"; };
		63A3A5F31FC953400018EBDC /* SCNVector3+Extension.swift */ = {isa = PBXFileReference; lastKnownFileType = sourcecode.swift; path = "SCNVector3+Extension.swift"; sourceTree = "<group>"; };
		63A3A6171FC96BC60018EBDC /* Line.swift */ = {isa = PBXFileReference; lastKnownFileType = sourcecode.swift; path = Line.swift; sourceTree = "<group>"; };
/* End PBXFileReference section */

/* Begin PBXFrameworksBuildPhase section */
		63A3A5D51FC914460018EBDC /* Frameworks */ = {
			isa = PBXFrameworksBuildPhase;
			buildActionMask = 2147483647;
			files = (
			);
			runOnlyForDeploymentPostprocessing = 0;
		};
/* End PBXFrameworksBuildPhase section */

/* Begin PBXGroup section */
		63A3A5CF1FC914460018EBDC = {
			isa = PBXGroup;
			children = (
				63A3A5DA1FC914460018EBDC /* AZARDemoSwift */,
				63A3A5D91FC914460018EBDC /* Products */,
			);
			sourceTree = "<group>";
		};
		63A3A5D91FC914460018EBDC /* Products */ = {
			isa = PBXGroup;
			children = (
				63A3A5D81FC914460018EBDC /* AZARDemoSwift.app */,
			);
			name = Products;
			sourceTree = "<group>";
		};
		63A3A5DA1FC914460018EBDC /* AZARDemoSwift */ = {
			isa = PBXGroup;
			children = (
				63A3A5DB1FC914460018EBDC /* AppDelegate.swift */,
				63A3A5DD1FC914460018EBDC /* art.scnassets */,
				63A3A5DF1FC914460018EBDC /* ViewController.swift */,
				63A3A5E11FC914460018EBDC /* Main.storyboard */,
				63A3A5E41FC914460018EBDC /* Assets.xcassets */,
				63A3A5E61FC914460018EBDC /* LaunchScreen.storyboard */,
				63A3A5E91FC914460018EBDC /* Info.plist */,
				63A3A5F11FC925D20018EBDC /* AZSphereView.swift */,
				63A3A5F31FC953400018EBDC /* SCNVector3+Extension.swift */,
				63A3A6171FC96BC60018EBDC /* Line.swift */,
			);
			path = AZARDemoSwift;
			sourceTree = "<group>";
		};
/* End PBXGroup section */

/* Begin PBXNativeTarget section */
		63A3A5D71FC914460018EBDC /* AZARDemoSwift */ = {
			isa = PBXNativeTarget;
			buildConfigurationList = 63A3A5EC1FC914460018EBDC /* Build configuration list for PBXNativeTarget "AZARDemoSwift" */;
			buildPhases = (
				63A3A5D41FC914460018EBDC /* Sources */,
				63A3A5D51FC914460018EBDC /* Frameworks */,
				63A3A5D61FC914460018EBDC /* Resources */,
			);
			buildRules = (
			);
			dependencies = (
			);
			name = AZARDemoSwift;
			productName = AZARDemoSwift;
			productReference = 63A3A5D81FC914460018EBDC /* AZARDemoSwift.app */;
			productType = "com.apple.product-type.application";
		};
/* End PBXNativeTarget section */

/* Begin PBXProject section */
		63A3A5D01FC914460018EBDC /* Project object */ = {
			isa = PBXProject;
			attributes = {
				LastSwiftUpdateCheck = 0910;
				LastUpgradeCheck = 0910;
				ORGANIZATIONNAME = cocozzhang;
				TargetAttributes = {
					63A3A5D71FC914460018EBDC = {
						CreatedOnToolsVersion = 9.1;
						ProvisioningStyle = Automatic;
					};
				};
			};
			buildConfigurationList = 63A3A5D31FC914460018EBDC /* Build configuration list for PBXProject "AZARDemoSwift" */;
			compatibilityVersion = "Xcode 8.0";
			developmentRegion = en;
			hasScannedForEncodings = 0;
			knownRegions = (
				en,
				Base,
			);
			mainGroup = 63A3A5CF1FC914460018EBDC;
			productRefGroup = 63A3A5D91FC914460018EBDC /* Products */;
			projectDirPath = "";
			projectRoot = "";
			targets = (
				63A3A5D71FC914460018EBDC /* AZARDemoSwift */,
			);
		};
/* End PBXProject section */

/* Begin PBXResourcesBuildPhase section */
		63A3A5D61FC914460018EBDC /* Resources */ = {
			isa = PBXResourcesBuildPhase;
			buildActionMask = 2147483647;
			files = (
				63A3A5DE1FC914460018EBDC /* art.scnassets in Resources */,
				63A3A5E81FC914460018EBDC /* LaunchScreen.storyboard in Resources */,
				63A3A5E51FC914460018EBDC /* Assets.xcassets in Resources */,
				63A3A5E31FC914460018EBDC /* Main.storyboard in Resources */,
			);
			runOnlyForDeploymentPostprocessing = 0;
		};
/* End PBXResourcesBuildPhase section */

/* Begin PBXSourcesBuildPhase section */
		63A3A5D41FC914460018EBDC /* Sources */ = {
			isa = PBXSourcesBuildPhase;
			buildActionMask = 2147483647;
			files = (
				63A3A5E01FC914460018EBDC /* ViewController.swift in Sources */,
				63A3A5F21FC925D20018EBDC /* AZSphereView.swift in Sources */,
				63A3A5DC1FC914460018EBDC /* AppDelegate.swift in Sources */,
				63A3A5F41FC953400018EBDC /* SCNVector3+Extension.swift in Sources */,
				63A3A6181FC96BC60018EBDC /* Line.swift in Sources */,
			);
			runOnlyForDeploymentPostprocessing = 0;
		};
/* End PBXSourcesBuildPhase section */

/* Begin PBXVariantGroup section */
		63A3A5E11FC914460018EBDC /* Main.storyboard */ = {
			isa = PBXVariantGroup;
			children = (
				63A3A5E21FC914460018EBDC /* Base */,
			);
			name = Main.storyboard;
			sourceTree = "<group>";
		};
		63A3A5E61FC914460018EBDC /* LaunchScreen.storyboard */ = {
			isa = PBXVariantGroup;
			children = (
				63A3A5E71FC914460018EBDC /* Base */,
			);
			name = LaunchScreen.storyboard;
			sourceTree = "<group>";
		};
/* End PBXVariantGroup section */

/* Begin XCBuildConfiguration section */
		63A3A5EA1FC914460018EBDC /* Debug */ = {
			isa = XCBuildConfiguration;
			buildSettings = {
				ALWAYS_SEARCH_USER_PATHS = NO;
				CLANG_ANALYZER_NONNULL = YES;
				CLANG_ANALYZER_NUMBER_OBJECT_CONVERSION = YES_AGGRESSIVE;
				CLANG_CXX_LANGUAGE_STANDARD = "gnu++14";
				CLANG_CXX_LIBRARY = "libc++";
				CLANG_ENABLE_MODULES = YES;
				CLANG_ENABLE_OBJC_ARC = YES;
				CLANG_WARN_BLOCK_CAPTURE_AUTORELEASING = YES;
				CLANG_WARN_BOOL_CONVERSION = YES;
				CLANG_WARN_COMMA = YES;
				CLANG_WARN_CONSTANT_CONVERSION = YES;
				CLANG_WARN_DIRECT_OBJC_ISA_USAGE = YES_ERROR;
				CLANG_WARN_DOCUMENTATION_COMMENTS = YES;
				CLANG_WARN_EMPTY_BODY = YES;
				CLANG_WARN_ENUM_CONVERSION = YES;
				CLANG_WARN_INFINITE_RECURSION = YES;
				CLANG_WARN_INT_CONVERSION = YES;
				CLANG_WARN_NON_LITERAL_NULL_CONVERSION = YES;
				CLANG_WARN_OBJC_LITERAL_CONVERSION = YES;
				CLANG_WARN_OBJC_ROOT_CLASS = YES_ERROR;
				CLANG_WARN_RANGE_LOOP_ANALYSIS = YES;
				CLANG_WARN_STRICT_PROTOTYPES = YES;
				CLANG_WARN_SUSPICIOUS_MOVE = YES;
				CLANG_WARN_UNGUARDED_AVAILABILITY = YES_AGGRESSIVE;
				CLANG_WARN_UNREACHABLE_CODE = YES;
				CLANG_WARN__DUPLICATE_METHOD_MATCH = YES;
				CODE_SIGN_IDENTITY = "iPhone Developer";
				COPY_PHASE_STRIP = NO;
				DEBUG_INFORMATION_FORMAT = dwarf;
				ENABLE_STRICT_OBJC_MSGSEND = YES;
				ENABLE_TESTABILITY = YES;
				GCC_C_LANGUAGE_STANDARD = gnu11;
				GCC_DYNAMIC_NO_PIC = NO;
				GCC_NO_COMMON_BLOCKS = YES;
				GCC_OPTIMIZATION_LEVEL = 0;
				GCC_PREPROCESSOR_DEFINITIONS = (
					"DEBUG=1",
					"$(inherited)",
				);
				GCC_WARN_64_TO_32_BIT_CONVERSION = YES;
				GCC_WARN_ABOUT_RETURN_TYPE = YES_ERROR;
				GCC_WARN_UNDECLARED_SELECTOR = YES;
				GCC_WARN_UNINITIALIZED_AUTOS = YES_AGGRESSIVE;
				GCC_WARN_UNUSED_FUNCTION = YES;
				GCC_WARN_UNUSED_VARIABLE = YES;
				IPHONEOS_DEPLOYMENT_TARGET = 11.1;
				MTL_ENABLE_DEBUG_INFO = YES;
				ONLY_ACTIVE_ARCH = YES;
				SDKROOT = iphoneos;
				SWIFT_ACTIVE_COMPILATION_CONDITIONS = DEBUG;
				SWIFT_OPTIMIZATION_LEVEL = "-Onone";
			};
			name = Debug;
		};
		63A3A5EB1FC914460018EBDC /* Release */ = {
			isa = XCBuildConfiguration;
			buildSettings = {
				ALWAYS_SEARCH_USER_PATHS = NO;
				CLANG_ANALYZER_NONNULL = YES;
				CLANG_ANALYZER_NUMBER_OBJECT_CONVERSION = YES_AGGRESSIVE;
				CLANG_CXX_LANGUAGE_STANDARD = "gnu++14";
				CLANG_CXX_LIBRARY = "libc++";
				CLANG_ENABLE_MODULES = YES;
				CLANG_ENABLE_OBJC_ARC = YES;
				CLANG_WARN_BLOCK_CAPTURE_AUTORELEASING = YES;
				CLANG_WARN_BOOL_CONVERSION = YES;
				CLANG_WARN_COMMA = YES;
				CLANG_WARN_CONSTANT_CONVERSION = YES;
				CLANG_WARN_DIRECT_OBJC_ISA_USAGE = YES_ERROR;
				CLANG_WARN_DOCUMENTATION_COMMENTS = YES;
				CLANG_WARN_EMPTY_BODY = YES;
				CLANG_WARN_ENUM_CONVERSION = YES;
				CLANG_WARN_INFINITE_RECURSION = YES;
				CLANG_WARN_INT_CONVERSION = YES;
				CLANG_WARN_NON_LITERAL_NULL_CONVERSION = YES;
				CLANG_WARN_OBJC_LITERAL_CONVERSION = YES;
				CLANG_WARN_OBJC_ROOT_CLASS = YES_ERROR;
				CLANG_WARN_RANGE_LOOP_ANALYSIS = YES;
				CLANG_WARN_STRICT_PROTOTYPES = YES;
				CLANG_WARN_SUSPICIOUS_MOVE = YES;
				CLANG_WARN_UNGUARDED_AVAILABILITY = YES_AGGRESSIVE;
				CLANG_WARN_UNREACHABLE_CODE = YES;
				CLANG_WARN__DUPLICATE_METHOD_MATCH = YES;
				CODE_SIGN_IDENTITY = "iPhone Developer";
				COPY_PHASE_STRIP = NO;
				DEBUG_INFORMATION_FORMAT = "dwarf-with-dsym";
				ENABLE_NS_ASSERTIONS = NO;
				ENABLE_STRICT_OBJC_MSGSEND = YES;
				GCC_C_LANGUAGE_STANDARD = gnu11;
				GCC_NO_COMMON_BLOCKS = YES;
				GCC_WARN_64_TO_32_BIT_CONVERSION = YES;
				GCC_WARN_ABOUT_RETURN_TYPE = YES_ERROR;
				GCC_WARN_UNDECLARED_SELECTOR = YES;
				GCC_WARN_UNINITIALIZED_AUTOS = YES_AGGRESSIVE;
				GCC_WARN_UNUSED_FUNCTION = YES;
				GCC_WARN_UNUSED_VARIABLE = YES;
				IPHONEOS_DEPLOYMENT_TARGET = 11.1;
				MTL_ENABLE_DEBUG_INFO = NO;
				SDKROOT = iphoneos;
				SWIFT_OPTIMIZATION_LEVEL = "-Owholemodule";
				VALIDATE_PRODUCT = YES;
			};
			name = Release;
		};
		63A3A5ED1FC914460018EBDC /* Debug */ = {
			isa = XCBuildConfiguration;
			buildSettings = {
				ASSETCATALOG_COMPILER_APPICON_NAME = AppIcon;
				CODE_SIGN_STYLE = Automatic;
				DEVELOPMENT_TEAM = 7884U55YA7;
				INFOPLIST_FILE = AZARDemoSwift/Info.plist;
				LD_RUNPATH_SEARCH_PATHS = "$(inherited) @executable_path/Frameworks";
				PRODUCT_BUNDLE_IDENTIFIER = azz.AZARDemoSwift;
				PRODUCT_NAME = "$(TARGET_NAME)";
				SWIFT_VERSION = 4.0;
				TARGETED_DEVICE_FAMILY = "1,2";
			};
			name = Debug;
		};
		63A3A5EE1FC914460018EBDC /* Release */ = {
			isa = XCBuildConfiguration;
			buildSettings = {
				ASSETCATALOG_COMPILER_APPICON_NAME = AppIcon;
				CODE_SIGN_STYLE = Automatic;
				DEVELOPMENT_TEAM = 7884U55YA7;
				INFOPLIST_FILE = AZARDemoSwift/Info.plist;
				LD_RUNPATH_SEARCH_PATHS = "$(inherited) @executable_path/Frameworks";
				PRODUCT_BUNDLE_IDENTIFIER = azz.AZARDemoSwift;
				PRODUCT_NAME = "$(TARGET_NAME)";
				SWIFT_VERSION = 4.0;
				TARGETED_DEVICE_FAMILY = "1,2";
			};
			name = Release;
		};
/* End XCBuildConfiguration section */

/* Begin XCConfigurationList section */
		63A3A5D31FC914460018EBDC /* Build configuration list for PBXProject "AZARDemoSwift" */ = {
			isa = XCConfigurationList;
			buildConfigurations = (
				63A3A5EA1FC914460018EBDC /* Debug */,
				63A3A5EB1FC914460018EBDC /* Release */,
			);
			defaultConfigurationIsVisible = 0;
			defaultConfigurationName = Release;
		};
		63A3A5EC1FC914460018EBDC /* Build configuration list for PBXNativeTarget "AZARDemoSwift" */ = {
			isa = XCConfigurationList;
			buildConfigurations = (
				63A3A5ED1FC914460018EBDC /* Debug */,
				63A3A5EE1FC914460018EBDC /* Release */,
			);
			defaultConfigurationIsVisible = 0;
			defaultConfigurationName = Release;
		};
/* End XCConfigurationList section */
	};
	rootObject = 63A3A5D01FC914460018EBDC /* Project object */;
}
